
Microsoft Visual Studio Solution File, Format Version 12.00
# Visual Studio Version 17
VisualStudioVersion = 17.7.34024.191
MinimumVisualStudioVersion = 10.0.40219.1
Project("{FAE04EC0-301F-11D3-BF4B-00C04F79EFBC}") = "MyFirstProgram", "MyFirstProgram.csproj", "{7D12FA46-BCC8-4555-9B4C-F5275A4D8045}"
EndProject
Global
	GlobalSection(SolutionConfigurationPlatforms) = preSolution
		Debug|Any CPU = Debug|Any CPU
		Release|Any CPU = Release|Any CPU
	EndGlobalSection
	GlobalSection(ProjectConfigurationPlatforms) = postSolution
		{7D12FA46-BCC8-4555-9B4C-F5275A4D8045}.Debug|Any CPU.ActiveCfg = Debug|Any CPU
		{7D12FA46-BCC8-4555-9B4C-F5275A4D8045}.Debug|Any CPU.Build.0 = Debug|Any CPU
		{7D12FA46-BCC8-4555-9B4C-F5275A4D8045}.Release|Any CPU.ActiveCfg = Release|Any CPU
		{7D12FA46-BCC8-4555-9B4C-F5275A4D8045}.Release|Any CPU.Build.0 = Release|Any CPU
	EndGlobalSection
	GlobalSection(SolutionProperties) = preSolution
		HideSolutionNode = FALSE
	EndGlobalSection
	GlobalSection(ExtensibilityGlobals) = postSolution
		SolutionGuid = {77BDC85D-D4DF-45E2-9B57-71A974C0C662}
	EndGlobalSection
EndGlobal
